
Microsoft Visual Studio Solution File, Format Version 12.00
Project("{FAE04EC0-301F-11D3-BF4B-00C04F79EFBC}") = "DarkKanban.Interface", "Source\DarkKanban.Interface\DarkKanban.Interface.csproj", "{92E5F6DF-49E1-4855-9AC4-17720DBD03D5}"
EndProject
Project("{2150E333-8FDC-42A3-9474-1A3956D46DE8}") = "Deploy", "Deploy", "{C7F6BA57-8090-47D9-B726-65A7A58380CE}"
EndProject
Project("{2150E333-8FDC-42A3-9474-1A3956D46DE8}") = "Infrastrucrure", "Infrastrucrure", "{A2731687-7D1A-46D4-9F68-796210D786DD}"
EndProject
Project("{2150E333-8FDC-42A3-9474-1A3956D46DE8}") = "PostgreSql", "PostgreSql", "{CAA30CFB-DF85-416B-ABF4-B1E2ABEC6407}"
ProjectSection(SolutionItems) = preProject
	Deploy\Infrastructure\PostgreSql\docker-compose.yml = Deploy\Infrastructure\PostgreSql\docker-compose.yml
	Deploy\Infrastructure\PostgreSql\down_up.sh = Deploy\Infrastructure\PostgreSql\down_up.sh
	Deploy\Infrastructure\PostgreSql\run.sh = Deploy\Infrastructure\PostgreSql\run.sh
EndProjectSection
EndProject
Project("{2150E333-8FDC-42A3-9474-1A3956D46DE8}") = "PgAdmin", "PgAdmin", "{7C4C51CB-F08E-4CC4-BC4E-A55F817770E4}"
ProjectSection(SolutionItems) = preProject
	Deploy\Infrastructure\PgAdmin\docker-compose.yml = Deploy\Infrastructure\PgAdmin\docker-compose.yml
	Deploy\Infrastructure\PgAdmin\down_up.sh = Deploy\Infrastructure\PgAdmin\down_up.sh
	Deploy\Infrastructure\PgAdmin\run.sh = Deploy\Infrastructure\PgAdmin\run.sh
EndProjectSection
EndProject
Project("{2150E333-8FDC-42A3-9474-1A3956D46DE8}") = "Core", "Core", "{13184107-978F-4767-9673-9F200A6873AA}"
EndProject
Project("{FAE04EC0-301F-11D3-BF4B-00C04F79EFBC}") = "DarkKanban.Core.Database", "Source\DarkKanban.Core.Database\DarkKanban.Core.Database.csproj", "{5C8C0648-96E5-4A38-A4DF-43AB1620D797}"
EndProject
Project("{FAE04EC0-301F-11D3-BF4B-00C04F79EFBC}") = "DarkKanban.Core.Contracts", "Source\DarkKanban.Core.Contracts\DarkKanban.Core.Contracts.csproj", "{451E7DEB-717E-48B5-8E47-7E41E0697957}"
EndProject
Global
	GlobalSection(SolutionConfigurationPlatforms) = preSolution
		Debug|Any CPU = Debug|Any CPU
		Release|Any CPU = Release|Any CPU
	EndGlobalSection
	GlobalSection(ProjectConfigurationPlatforms) = postSolution
		{92E5F6DF-49E1-4855-9AC4-17720DBD03D5}.Debug|Any CPU.ActiveCfg = Debug|Any CPU
		{92E5F6DF-49E1-4855-9AC4-17720DBD03D5}.Debug|Any CPU.Build.0 = Debug|Any CPU
		{92E5F6DF-49E1-4855-9AC4-17720DBD03D5}.Release|Any CPU.ActiveCfg = Release|Any CPU
		{92E5F6DF-49E1-4855-9AC4-17720DBD03D5}.Release|Any CPU.Build.0 = Release|Any CPU
		{5C8C0648-96E5-4A38-A4DF-43AB1620D797}.Debug|Any CPU.ActiveCfg = Debug|Any CPU
		{5C8C0648-96E5-4A38-A4DF-43AB1620D797}.Debug|Any CPU.Build.0 = Debug|Any CPU
		{5C8C0648-96E5-4A38-A4DF-43AB1620D797}.Release|Any CPU.ActiveCfg = Release|Any CPU
		{5C8C0648-96E5-4A38-A4DF-43AB1620D797}.Release|Any CPU.Build.0 = Release|Any CPU
		{451E7DEB-717E-48B5-8E47-7E41E0697957}.Debug|Any CPU.ActiveCfg = Debug|Any CPU
		{451E7DEB-717E-48B5-8E47-7E41E0697957}.Debug|Any CPU.Build.0 = Debug|Any CPU
		{451E7DEB-717E-48B5-8E47-7E41E0697957}.Release|Any CPU.ActiveCfg = Release|Any CPU
		{451E7DEB-717E-48B5-8E47-7E41E0697957}.Release|Any CPU.Build.0 = Release|Any CPU
	EndGlobalSection
	GlobalSection(NestedProjects) = preSolution
		{A2731687-7D1A-46D4-9F68-796210D786DD} = {C7F6BA57-8090-47D9-B726-65A7A58380CE}
		{CAA30CFB-DF85-416B-ABF4-B1E2ABEC6407} = {A2731687-7D1A-46D4-9F68-796210D786DD}
		{7C4C51CB-F08E-4CC4-BC4E-A55F817770E4} = {A2731687-7D1A-46D4-9F68-796210D786DD}
		{5C8C0648-96E5-4A38-A4DF-43AB1620D797} = {13184107-978F-4767-9673-9F200A6873AA}
		{451E7DEB-717E-48B5-8E47-7E41E0697957} = {13184107-978F-4767-9673-9F200A6873AA}
	EndGlobalSection
EndGlobal
